// !$*UTF8*$!
{
	archiveVersion = 1;
	classes = {
	};
	objectVersion = 56;
	objects = {

/* Begin PBXBuildFile section */
		54417077292543FE00F32C04 /* ContactListView.swift in Sources */ = {isa = PBXBuildFile; fileRef = 54417076292543FE00F32C04 /* ContactListView.swift */; };
		54417079292544C400F32C04 /* NumbersView.swift in Sources */ = {isa = PBXBuildFile; fileRef = 54417078292544C400F32C04 /* NumbersView.swift */; };
		5441707C2925451800F32C04 /* Person.swift in Sources */ = {isa = PBXBuildFile; fileRef = 5441707B2925451800F32C04 /* Person.swift */; };
		54417080292545FA00F32C04 /* DataStore.swift in Sources */ = {isa = PBXBuildFile; fileRef = 5441707F292545FA00F32C04 /* DataStore.swift */; };
		5441708329254AEF00F32C04 /* PersonRowView.swift in Sources */ = {isa = PBXBuildFile; fileRef = 5441708229254AEF00F32C04 /* PersonRowView.swift */; };
		545947DE292368840088B3BC /* ContactListSUIApp.swift in Sources */ = {isa = PBXBuildFile; fileRef = 545947DD292368840088B3BC /* ContactListSUIApp.swift */; };
		545947E0292368840088B3BC /* ContentView.swift in Sources */ = {isa = PBXBuildFile; fileRef = 545947DF292368840088B3BC /* ContentView.swift */; };
		545947E2292368850088B3BC /* Assets.xcassets in Resources */ = {isa = PBXBuildFile; fileRef = 545947E1292368850088B3BC /* Assets.xcassets */; };
		545947E5292368850088B3BC /* Preview Assets.xcassets in Resources */ = {isa = PBXBuildFile; fileRef = 545947E4292368850088B3BC /* Preview Assets.xcassets */; };
/* End PBXBuildFile section */

/* Begin PBXFileReference section */
		54417076292543FE00F32C04 /* ContactListView.swift */ = {isa = PBXFileReference; lastKnownFileType = sourcecode.swift; path = ContactListView.swift; sourceTree = "<group>"; };
		54417078292544C400F32C04 /* NumbersView.swift */ = {isa = PBXFileReference; lastKnownFileType = sourcecode.swift; path = NumbersView.swift; sourceTree = "<group>"; };
		5441707B2925451800F32C04 /* Person.swift */ = {isa = PBXFileReference; lastKnownFileType = sourcecode.swift; path = Person.swift; sourceTree = "<group>"; };
		5441707F292545FA00F32C04 /* DataStore.swift */ = {isa = PBXFileReference; lastKnownFileType = sourcecode.swift; path = DataStore.swift; sourceTree = "<group>"; };
		5441708229254AEF00F32C04 /* PersonRowView.swift */ = {isa = PBXFileReference; lastKnownFileType = sourcecode.swift; path = PersonRowView.swift; sourceTree = "<group>"; };
		545947DA292368840088B3BC /* ContactListSUI.app */ = {isa = PBXFileReference; explicitFileType = wrapper.application; includeInIndex = 0; path = ContactListSUI.app; sourceTree = BUILT_PRODUCTS_DIR; };
		545947DD292368840088B3BC /* ContactListSUIApp.swift */ = {isa = PBXFileReference; lastKnownFileType = sourcecode.swift; path = ContactListSUIApp.swift; sourceTree = "<group>"; };
		545947DF292368840088B3BC /* ContentView.swift */ = {isa = PBXFileReference; lastKnownFileType = sourcecode.swift; path = ContentView.swift; sourceTree = "<group>"; };
		545947E1292368850088B3BC /* Assets.xcassets */ = {isa = PBXFileReference; lastKnownFileType = folder.assetcatalog; path = Assets.xcassets; sourceTree = "<group>"; };
		545947E4292368850088B3BC /* Preview Assets.xcassets */ = {isa = PBXFileReference; lastKnownFileType = folder.assetcatalog; path = "Preview Assets.xcassets"; sourceTree = "<group>"; };
/* End PBXFileReference section */

/* Begin PBXFrameworksBuildPhase section */
		545947D7292368840088B3BC /* Frameworks */ = {
			isa = PBXFrameworksBuildPhase;
			buildActionMask = 2147483647;
			files = (
			);
			runOnlyForDeploymentPostprocessing = 0;
		};
/* End PBXFrameworksBuildPhase section */

/* Begin PBXGroup section */
		5441707A2925450200F32C04 /* View */ = {
			isa = PBXGroup;
			children = (
				545947DF292368840088B3BC /* ContentView.swift */,
				54417076292543FE00F32C04 /* ContactListView.swift */,
				5441708229254AEF00F32C04 /* PersonRowView.swift */,
				54417078292544C400F32C04 /* NumbersView.swift */,
			);
			path = View;
			sourceTree = "<group>";
		};
		5441707D2925451B00F32C04 /* Models */ = {
			isa = PBXGroup;
			children = (
				5441707B2925451800F32C04 /* Person.swift */,
			);
			path = Models;
			sourceTree = "<group>";
		};
		5441707E2925453F00F32C04 /* SupportFiles */ = {
			isa = PBXGroup;
			children = (
				545947DD292368840088B3BC /* ContactListSUIApp.swift */,
			);
			path = SupportFiles;
			sourceTree = "<group>";
		};
		54417081292545FE00F32C04 /* Services */ = {
			isa = PBXGroup;
			children = (
				5441707F292545FA00F32C04 /* DataStore.swift */,
			);
			path = Services;
			sourceTree = "<group>";
		};
		545947D1292368840088B3BC = {
			isa = PBXGroup;
			children = (
				545947DC292368840088B3BC /* ContactListSUI */,
				545947DB292368840088B3BC /* Products */,
			);
			sourceTree = "<group>";
		};
		545947DB292368840088B3BC /* Products */ = {
			isa = PBXGroup;
			children = (
				545947DA292368840088B3BC /* ContactListSUI.app */,
			);
			name = Products;
			sourceTree = "<group>";
		};
		545947DC292368840088B3BC /* ContactListSUI */ = {
			isa = PBXGroup;
			children = (
				5441707E2925453F00F32C04 /* SupportFiles */,
				5441707D2925451B00F32C04 /* Models */,
				54417081292545FE00F32C04 /* Services */,
				5441707A2925450200F32C04 /* View */,
				545947E1292368850088B3BC /* Assets.xcassets */,
				545947E3292368850088B3BC /* Preview Content */,
			);
			path = ContactListSUI;
			sourceTree = "<group>";
		};
		545947E3292368850088B3BC /* Preview Content */ = {
			isa = PBXGroup;
			children = (
				545947E4292368850088B3BC /* Preview Assets.xcassets */,
			);
			path = "Preview Content";
			sourceTree = "<group>";
		};
/* End PBXGroup section */

/* Begin PBXNativeTarget section */
		545947D9292368840088B3BC /* ContactListSUI */ = {
			isa = PBXNativeTarget;
			buildConfigurationList = 545947E8292368850088B3BC /* Build configuration list for PBXNativeTarget "ContactListSUI" */;
			buildPhases = (
				545947D6292368840088B3BC /* Sources */,
				545947D7292368840088B3BC /* Frameworks */,
				545947D8292368840088B3BC /* Resources */,
			);
			buildRules = (
			);
			dependencies = (
			);
			name = ContactListSUI;
			productName = ContactListSUI;
			productReference = 545947DA292368840088B3BC /* ContactListSUI.app */;
			productType = "com.apple.product-type.application";
		};
/* End PBXNativeTarget section */

/* Begin PBXProject section */
		545947D2292368840088B3BC /* Project object */ = {
			isa = PBXProject;
			attributes = {
				BuildIndependentTargetsInParallel = 1;
				LastSwiftUpdateCheck = 1410;
				LastUpgradeCheck = 1410;
				TargetAttributes = {
					545947D9292368840088B3BC = {
						CreatedOnToolsVersion = 14.1;
					};
				};
			};
			buildConfigurationList = 545947D5292368840088B3BC /* Build configuration list for PBXProject "ContactListSUI" */;
			compatibilityVersion = "Xcode 14.0";
			developmentRegion = en;
			hasScannedForEncodings = 0;
			knownRegions = (
				en,
				Base,
			);
			mainGroup = 545947D1292368840088B3BC;
			productRefGroup = 545947DB292368840088B3BC /* Products */;
			projectDirPath = "";
			projectRoot = "";
			targets = (
				545947D9292368840088B3BC /* ContactListSUI */,
			);
		};
/* End PBXProject section */

/* Begin PBXResourcesBuildPhase section */
		545947D8292368840088B3BC /* Resources */ = {
			isa = PBXResourcesBuildPhase;
			buildActionMask = 2147483647;
			files = (
				545947E5292368850088B3BC /* Preview Assets.xcassets in Resources */,
				545947E2292368850088B3BC /* Assets.xcassets in Resources */,
			);
			runOnlyForDeploymentPostprocessing = 0;
		};
/* End PBXResourcesBuildPhase section */

/* Begin PBXSourcesBuildPhase section */
		545947D6292368840088B3BC /* Sources */ = {
			isa = PBXSourcesBuildPhase;
			buildActionMask = 2147483647;
			files = (
				5441707C2925451800F32C04 /* Person.swift in Sources */,
				54417080292545FA00F32C04 /* DataStore.swift in Sources */,
				54417077292543FE00F32C04 /* ContactListView.swift in Sources */,
				545947E0292368840088B3BC /* ContentView.swift in Sources */,
				545947DE292368840088B3BC /* ContactListSUIApp.swift in Sources */,
				5441708329254AEF00F32C04 /* PersonRowView.swift in Sources */,
				54417079292544C400F32C04 /* NumbersView.swift in Sources */,
			);
			runOnlyForDeploymentPostprocessing = 0;
		};
/* End PBXSourcesBuildPhase section */

/* Begin XCBuildConfiguration section */
		545947E6292368850088B3BC /* Debug */ = {
			isa = XCBuildConfiguration;
			buildSettings = {
				ALWAYS_SEARCH_USER_PATHS = NO;
				CLANG_ANALYZER_NONNULL = YES;
				CLANG_ANALYZER_NUMBER_OBJECT_CONVERSION = YES_AGGRESSIVE;
				CLANG_CXX_LANGUAGE_STANDARD = "gnu++20";
				CLANG_ENABLE_MODULES = YES;
				CLANG_ENABLE_OBJC_ARC = YES;
				CLANG_ENABLE_OBJC_WEAK = YES;
				CLANG_WARN_BLOCK_CAPTURE_AUTORELEASING = YES;
				CLANG_WARN_BOOL_CONVERSION = YES;
				CLANG_WARN_COMMA = YES;
				CLANG_WARN_CONSTANT_CONVERSION = YES;
				CLANG_WARN_DEPRECATED_OBJC_IMPLEMENTATIONS = YES;
				CLANG_WARN_DIRECT_OBJC_ISA_USAGE = YES_ERROR;
				CLANG_WARN_DOCUMENTATION_COMMENTS = YES;
				CLANG_WARN_EMPTY_BODY = YES;
				CLANG_WARN_ENUM_CONVERSION = YES;
				CLANG_WARN_INFINITE_RECURSION = YES;
				CLANG_WARN_INT_CONVERSION = YES;
				CLANG_WARN_NON_LITERAL_NULL_CONVERSION = YES;
				CLANG_WARN_OBJC_IMPLICIT_RETAIN_SELF = YES;
				CLANG_WARN_OBJC_LITERAL_CONVERSION = YES;
				CLANG_WARN_OBJC_ROOT_CLASS = YES_ERROR;
				CLANG_WARN_QUOTED_INCLUDE_IN_FRAMEWORK_HEADER = YES;
				CLANG_WARN_RANGE_LOOP_ANALYSIS = YES;
				CLANG_WARN_STRICT_PROTOTYPES = YES;
				CLANG_WARN_SUSPICIOUS_MOVE = YES;
				CLANG_WARN_UNGUARDED_AVAILABILITY = YES_AGGRESSIVE;
				CLANG_WARN_UNREACHABLE_CODE = YES;
				CLANG_WARN__DUPLICATE_METHOD_MATCH = YES;
				COPY_PHASE_STRIP = NO;
				DEBUG_INFORMATION_FORMAT = dwarf;
				ENABLE_STRICT_OBJC_MSGSEND = YES;
				ENABLE_TESTABILITY = YES;
				GCC_C_LANGUAGE_STANDARD = gnu11;
				GCC_DYNAMIC_NO_PIC = NO;
				GCC_NO_COMMON_BLOCKS = YES;
				GCC_OPTIMIZATION_LEVEL = 0;
				GCC_PREPROCESSOR_DEFINITIONS = (
					"DEBUG=1",
					"$(inherited)",
				);
				GCC_WARN_64_TO_32_BIT_CONVERSION = YES;
				GCC_WARN_ABOUT_RETURN_TYPE = YES_ERROR;
				GCC_WARN_UNDECLARED_SELECTOR = YES;
				GCC_WARN_UNINITIALIZED_AUTOS = YES_AGGRESSIVE;
				GCC_WARN_UNUSED_FUNCTION = YES;
				GCC_WARN_UNUSED_VARIABLE = YES;
				IPHONEOS_DEPLOYMENT_TARGET = 16.1;
				MTL_ENABLE_DEBUG_INFO = INCLUDE_SOURCE;
				MTL_FAST_MATH = YES;
				ONLY_ACTIVE_ARCH = YES;
				SDKROOT = iphoneos;
				SWIFT_ACTIVE_COMPILATION_CONDITIONS = DEBUG;
				SWIFT_OPTIMIZATION_LEVEL = "-Onone";
			};
			name = Debug;
		};
		545947E7292368850088B3BC /* Release */ = {
			isa = XCBuildConfiguration;
			buildSettings = {
				ALWAYS_SEARCH_USER_PATHS = NO;
				CLANG_ANALYZER_NONNULL = YES;
				CLANG_ANALYZER_NUMBER_OBJECT_CONVERSION = YES_AGGRESSIVE;
				CLANG_CXX_LANGUAGE_STANDARD = "gnu++20";
				CLANG_ENABLE_MODULES = YES;
				CLANG_ENABLE_OBJC_ARC = YES;
				CLANG_ENABLE_OBJC_WEAK = YES;
				CLANG_WARN_BLOCK_CAPTURE_AUTORELEASING = YES;
				CLANG_WARN_BOOL_CONVERSION = YES;
				CLANG_WARN_COMMA = YES;
				CLANG_WARN_CONSTANT_CONVERSION = YES;
				CLANG_WARN_DEPRECATED_OBJC_IMPLEMENTATIONS = YES;
				CLANG_WARN_DIRECT_OBJC_ISA_USAGE = YES_ERROR;
				CLANG_WARN_DOCUMENTATION_COMMENTS = YES;
				CLANG_WARN_EMPTY_BODY = YES;
				CLANG_WARN_ENUM_CONVERSION = YES;
				CLANG_WARN_INFINITE_RECURSION = YES;
				CLANG_WARN_INT_CONVERSION = YES;
				CLANG_WARN_NON_LITERAL_NULL_CONVERSION = YES;
				CLANG_WARN_OBJC_IMPLICIT_RETAIN_SELF = YES;
				CLANG_WARN_OBJC_LITERAL_CONVERSION = YES;
				CLANG_WARN_OBJC_ROOT_CLASS = YES_ERROR;
				CLANG_WARN_QUOTED_INCLUDE_IN_FRAMEWORK_HEADER = YES;
				CLANG_WARN_RANGE_LOOP_ANALYSIS = YES;
				CLANG_WARN_STRICT_PROTOTYPES = YES;
				CLANG_WARN_SUSPICIOUS_MOVE = YES;
				CLANG_WARN_UNGUARDED_AVAILABILITY = YES_AGGRESSIVE;
				CLANG_WARN_UNREACHABLE_CODE = YES;
				CLANG_WARN__DUPLICATE_METHOD_MATCH = YES;
				COPY_PHASE_STRIP = NO;
				DEBUG_INFORMATION_FORMAT = "dwarf-with-dsym";
				ENABLE_NS_ASSERTIONS = NO;
				ENABLE_STRICT_OBJC_MSGSEND = YES;
				GCC_C_LANGUAGE_STANDARD = gnu11;
				GCC_NO_COMMON_BLOCKS = YES;
				GCC_WARN_64_TO_32_BIT_CONVERSION = YES;
				GCC_WARN_ABOUT_RETURN_TYPE = YES_ERROR;
				GCC_WARN_UNDECLARED_SELECTOR = YES;
				GCC_WARN_UNINITIALIZED_AUTOS = YES_AGGRESSIVE;
				GCC_WARN_UNUSED_FUNCTION = YES;
				GCC_WARN_UNUSED_VARIABLE = YES;
				IPHONEOS_DEPLOYMENT_TARGET = 16.1;
				MTL_ENABLE_DEBUG_INFO = NO;
				MTL_FAST_MATH = YES;
				SDKROOT = iphoneos;
				SWIFT_COMPILATION_MODE = wholemodule;
				SWIFT_OPTIMIZATION_LEVEL = "-O";
				VALIDATE_PRODUCT = YES;
			};
			name = Release;
		};
		545947E9292368850088B3BC /* Debug */ = {
			isa = XCBuildConfiguration;
			buildSettings = {
				ASSETCATALOG_COMPILER_APPICON_NAME = AppIcon;
				ASSETCATALOG_COMPILER_GLOBAL_ACCENT_COLOR_NAME = AccentColor;
				CODE_SIGN_STYLE = Automatic;
				CURRENT_PROJECT_VERSION = 1;
				DEVELOPMENT_ASSET_PATHS = "\"ContactListSUI/Preview Content\"";
				DEVELOPMENT_TEAM = G948D9S888;
				ENABLE_PREVIEWS = YES;
				GENERATE_INFOPLIST_FILE = YES;
				INFOPLIST_KEY_UIApplicationSceneManifest_Generation = YES;
				INFOPLIST_KEY_UIApplicationSupportsIndirectInputEvents = YES;
				INFOPLIST_KEY_UILaunchScreen_Generation = YES;
				INFOPLIST_KEY_UISupportedInterfaceOrientations_iPad = "UIInterfaceOrientationPortrait UIInterfaceOrientationPortraitUpsideDown UIInterfaceOrientationLandscapeLeft UIInterfaceOrientationLandscapeRight";
				INFOPLIST_KEY_UISupportedInterfaceOrientations_iPhone = "UIInterfaceOrientationPortrait UIInterfaceOrientationLandscapeLeft UIInterfaceOrientationLandscapeRight";
				LD_RUNPATH_SEARCH_PATHS = (
					"$(inherited)",
					"@executable_path/Frameworks",
				);
				MARKETING_VERSION = 1.0;
				PRODUCT_BUNDLE_IDENTIFIER = "Gennady-Vedernikov.ContactListSUI";
				PRODUCT_NAME = "$(TARGET_NAME)";
				SWIFT_EMIT_LOC_STRINGS = YES;
				SWIFT_VERSION = 5.0;
				TARGETED_DEVICE_FAMILY = "1,2";
			};
			name = Debug;
		};
		545947EA292368850088B3BC /* Release */ = {
			isa = XCBuildConfiguration;
			buildSettings = {
				ASSETCATALOG_COMPILER_APPICON_NAME = AppIcon;
				ASSETCATALOG_COMPILER_GLOBAL_ACCENT_COLOR_NAME = AccentColor;
				CODE_SIGN_STYLE = Automatic;
				CURRENT_PROJECT_VERSION = 1;
				DEVELOPMENT_ASSET_PATHS = "\"ContactListSUI/Preview Content\"";
				DEVELOPMENT_TEAM = G948D9S888;
				ENABLE_PREVIEWS = YES;
				GENERATE_INFOPLIST_FILE = YES;
				INFOPLIST_KEY_UIApplicationSceneManifest_Generation = YES;
				INFOPLIST_KEY_UIApplicationSupportsIndirectInputEvents = YES;
				INFOPLIST_KEY_UILaunchScreen_Generation = YES;
				INFOPLIST_KEY_UISupportedInterfaceOrientations_iPad = "UIInterfaceOrientationPortrait UIInterfaceOrientationPortraitUpsideDown UIInterfaceOrientationLandscapeLeft UIInterfaceOrientationLandscapeRight";
				INFOPLIST_KEY_UISupportedInterfaceOrientations_iPhone = "UIInterfaceOrientationPortrait UIInterfaceOrientationLandscapeLeft UIInterfaceOrientationLandscapeRight";
				LD_RUNPATH_SEARCH_PATHS = (
					"$(inherited)",
					"@executable_path/Frameworks",
				);
				MARKETING_VERSION = 1.0;
				PRODUCT_BUNDLE_IDENTIFIER = "Gennady-Vedernikov.ContactListSUI";
				PRODUCT_NAME = "$(TARGET_NAME)";
				SWIFT_EMIT_LOC_STRINGS = YES;
				SWIFT_VERSION = 5.0;
				TARGETED_DEVICE_FAMILY = "1,2";
			};
			name = Release;
		};
/* End XCBuildConfiguration section */

/* Begin XCConfigurationList section */
		545947D5292368840088B3BC /* Build configuration list for PBXProject "ContactListSUI" */ = {
			isa = XCConfigurationList;
			buildConfigurations = (
				545947E6292368850088B3BC /* Debug */,
				545947E7292368850088B3BC /* Release */,
			);
			defaultConfigurationIsVisible = 0;
			defaultConfigurationName = Release;
		};
		545947E8292368850088B3BC /* Build configuration list for PBXNativeTarget "ContactListSUI" */ = {
			isa = XCConfigurationList;
			buildConfigurations = (
				545947E9292368850088B3BC /* Debug */,
				545947EA292368850088B3BC /* Release */,
			);
			defaultConfigurationIsVisible = 0;
			defaultConfigurationName = Release;
		};
/* End XCConfigurationList section */
	};
	rootObject = 545947D2292368840088B3BC /* Project object */;
}
